
Microsoft Visual Studio Solution File, Format Version 12.00
# Visual Studio Version 17
VisualStudioVersion = 17.3.32929.385
MinimumVisualStudioVersion = 10.0.40219.1
Project("{9A19103F-16F7-4668-BE54-9A1E7A4F7556}") = "WebAPI", "WebAPI\WebAPI\WebAPI.csproj", "{60C751E5-5DEE-4275-BFCC-95B865ECF2B4}"
EndProject
Project("{E24C65DC-7377-472B-9ABA-BC803B73C61A}") = "WebAPP", "WebAPP\", "{5B435085-1B31-4168-853B-5F8944D104BD}"
	ProjectSection(WebsiteProperties) = preProject
		TargetFrameworkMoniker = ".NETFramework,Version%3Dv4.8"
		Debug.AspNetCompiler.VirtualPath = "/localhost_63816"
		Debug.AspNetCompiler.PhysicalPath = "WebAPP\"
		Debug.AspNetCompiler.TargetPath = "PrecompiledWeb\localhost_63816\"
		Debug.AspNetCompiler.Updateable = "true"
		Debug.AspNetCompiler.ForceOverwrite = "true"
		Debug.AspNetCompiler.FixedNames = "false"
		Debug.AspNetCompiler.Debug = "True"
		Release.AspNetCompiler.VirtualPath = "/localhost_63816"
		Release.AspNetCompiler.PhysicalPath = "WebAPP\"
		Release.AspNetCompiler.TargetPath = "PrecompiledWeb\localhost_63816\"
		Release.AspNetCompiler.Updateable = "true"
		Release.AspNetCompiler.ForceOverwrite = "true"
		Release.AspNetCompiler.FixedNames = "false"
		Release.AspNetCompiler.Debug = "False"
		VWDPort = "63816"
		SlnRelativePath = "WebAPP\"
	EndProjectSection
EndProject
Global
	GlobalSection(SolutionConfigurationPlatforms) = preSolution
		Debug|Any CPU = Debug|Any CPU
		Release|Any CPU = Release|Any CPU
	EndGlobalSection
	GlobalSection(ProjectConfigurationPlatforms) = postSolution
		{60C751E5-5DEE-4275-BFCC-95B865ECF2B4}.Debug|Any CPU.ActiveCfg = Debug|Any CPU
		{60C751E5-5DEE-4275-BFCC-95B865ECF2B4}.Debug|Any CPU.Build.0 = Debug|Any CPU
		{60C751E5-5DEE-4275-BFCC-95B865ECF2B4}.Release|Any CPU.ActiveCfg = Release|Any CPU
		{60C751E5-5DEE-4275-BFCC-95B865ECF2B4}.Release|Any CPU.Build.0 = Release|Any CPU
		{5B435085-1B31-4168-853B-5F8944D104BD}.Debug|Any CPU.ActiveCfg = Debug|Any CPU
		{5B435085-1B31-4168-853B-5F8944D104BD}.Debug|Any CPU.Build.0 = Debug|Any CPU
		{5B435085-1B31-4168-853B-5F8944D104BD}.Release|Any CPU.ActiveCfg = Debug|Any CPU
		{5B435085-1B31-4168-853B-5F8944D104BD}.Release|Any CPU.Build.0 = Debug|Any CPU
	EndGlobalSection
	GlobalSection(SolutionProperties) = preSolution
		HideSolutionNode = FALSE
	EndGlobalSection
	GlobalSection(ExtensibilityGlobals) = postSolution
		SolutionGuid = {B1AF7193-7C97-4F1D-AD94-740DFBF81F2A}
	EndGlobalSection
EndGlobal
